// !$*UTF8*$!
{
	archiveVersion = 1;
	classes = {
	};
	objectVersion = 55;
	objects = {

/* Begin PBXBuildFile section */
		A337D39128BB480600D09782 /* AppDelegate.swift in Sources */ = {isa = PBXBuildFile; fileRef = A337D39028BB480600D09782 /* AppDelegate.swift */; };
		A337D39328BB480600D09782 /* ViewController.swift in Sources */ = {isa = PBXBuildFile; fileRef = A337D39228BB480600D09782 /* ViewController.swift */; };
		A337D39528BB480800D09782 /* Assets.xcassets in Resources */ = {isa = PBXBuildFile; fileRef = A337D39428BB480800D09782 /* Assets.xcassets */; };
		A337D39828BB480800D09782 /* Main.storyboard in Resources */ = {isa = PBXBuildFile; fileRef = A337D39628BB480800D09782 /* Main.storyboard */; };
		A337D3A328BB480800D09782 /* PasteTests.swift in Sources */ = {isa = PBXBuildFile; fileRef = A337D3A228BB480800D09782 /* PasteTests.swift */; };
		A337D3AD28BB480800D09782 /* PasteUITests.swift in Sources */ = {isa = PBXBuildFile; fileRef = A337D3AC28BB480800D09782 /* PasteUITests.swift */; };
		A337D3AF28BB480800D09782 /* PasteUITestsLaunchTests.swift in Sources */ = {isa = PBXBuildFile; fileRef = A337D3AE28BB480800D09782 /* PasteUITestsLaunchTests.swift */; };
/* End PBXBuildFile section */

/* Begin PBXContainerItemProxy section */
		A337D39F28BB480800D09782 /* PBXContainerItemProxy */ = {
			isa = PBXContainerItemProxy;
			containerPortal = A337D38528BB480600D09782 /* Project object */;
			proxyType = 1;
			remoteGlobalIDString = A337D38C28BB480600D09782;
			remoteInfo = Paste;
		};
		A337D3A928BB480800D09782 /* PBXContainerItemProxy */ = {
			isa = PBXContainerItemProxy;
			containerPortal = A337D38528BB480600D09782 /* Project object */;
			proxyType = 1;
			remoteGlobalIDString = A337D38C28BB480600D09782;
			remoteInfo = Paste;
		};
/* End PBXContainerItemProxy section */

/* Begin PBXFileReference section */
		A337D38D28BB480600D09782 /* Paste.app */ = {isa = PBXFileReference; explicitFileType = wrapper.application; includeInIndex = 0; path = Paste.app; sourceTree = BUILT_PRODUCTS_DIR; };
		A337D39028BB480600D09782 /* AppDelegate.swift */ = {isa = PBXFileReference; lastKnownFileType = sourcecode.swift; path = AppDelegate.swift; sourceTree = "<group>"; };
		A337D39228BB480600D09782 /* ViewController.swift */ = {isa = PBXFileReference; lastKnownFileType = sourcecode.swift; path = ViewController.swift; sourceTree = "<group>"; };
		A337D39428BB480800D09782 /* Assets.xcassets */ = {isa = PBXFileReference; lastKnownFileType = folder.assetcatalog; path = Assets.xcassets; sourceTree = "<group>"; };
		A337D39728BB480800D09782 /* Base */ = {isa = PBXFileReference; lastKnownFileType = file.storyboard; name = Base; path = Base.lproj/Main.storyboard; sourceTree = "<group>"; };
		A337D39928BB480800D09782 /* Paste.entitlements */ = {isa = PBXFileReference; lastKnownFileType = text.plist.entitlements; path = Paste.entitlements; sourceTree = "<group>"; };
		A337D39E28BB480800D09782 /* PasteTests.xctest */ = {isa = PBXFileReference; explicitFileType = wrapper.cfbundle; includeInIndex = 0; path = PasteTests.xctest; sourceTree = BUILT_PRODUCTS_DIR; };
		A337D3A228BB480800D09782 /* PasteTests.swift */ = {isa = PBXFileReference; lastKnownFileType = sourcecode.swift; path = PasteTests.swift; sourceTree = "<group>"; };
		A337D3A828BB480800D09782 /* PasteUITests.xctest */ = {isa = PBXFileReference; explicitFileType = wrapper.cfbundle; includeInIndex = 0; path = PasteUITests.xctest; sourceTree = BUILT_PRODUCTS_DIR; };
		A337D3AC28BB480800D09782 /* PasteUITests.swift */ = {isa = PBXFileReference; lastKnownFileType = sourcecode.swift; path = PasteUITests.swift; sourceTree = "<group>"; };
		A337D3AE28BB480800D09782 /* PasteUITestsLaunchTests.swift */ = {isa = PBXFileReference; lastKnownFileType = sourcecode.swift; path = PasteUITestsLaunchTests.swift; sourceTree = "<group>"; };
/* End PBXFileReference section */

/* Begin PBXFrameworksBuildPhase section */
		A337D38A28BB480600D09782 /* Frameworks */ = {
			isa = PBXFrameworksBuildPhase;
			buildActionMask = 2147483647;
			files = (
			);
			runOnlyForDeploymentPostprocessing = 0;
		};
		A337D39B28BB480800D09782 /* Frameworks */ = {
			isa = PBXFrameworksBuildPhase;
			buildActionMask = 2147483647;
			files = (
			);
			runOnlyForDeploymentPostprocessing = 0;
		};
		A337D3A528BB480800D09782 /* Frameworks */ = {
			isa = PBXFrameworksBuildPhase;
			buildActionMask = 2147483647;
			files = (
			);
			runOnlyForDeploymentPostprocessing = 0;
		};
/* End PBXFrameworksBuildPhase section */

/* Begin PBXGroup section */
		A337D38428BB480600D09782 = {
			isa = PBXGroup;
			children = (
				A337D38F28BB480600D09782 /* Paste */,
				A337D3A128BB480800D09782 /* PasteTests */,
				A337D3AB28BB480800D09782 /* PasteUITests */,
				A337D38E28BB480600D09782 /* Products */,
			);
			sourceTree = "<group>";
		};
		A337D38E28BB480600D09782 /* Products */ = {
			isa = PBXGroup;
			children = (
				A337D38D28BB480600D09782 /* Paste.app */,
				A337D39E28BB480800D09782 /* PasteTests.xctest */,
				A337D3A828BB480800D09782 /* PasteUITests.xctest */,
			);
			name = Products;
			sourceTree = "<group>";
		};
		A337D38F28BB480600D09782 /* Paste */ = {
			isa = PBXGroup;
			children = (
				A337D39028BB480600D09782 /* AppDelegate.swift */,
				A337D39228BB480600D09782 /* ViewController.swift */,
				A337D39428BB480800D09782 /* Assets.xcassets */,
				A337D39628BB480800D09782 /* Main.storyboard */,
				A337D39928BB480800D09782 /* Paste.entitlements */,
			);
			path = Paste;
			sourceTree = "<group>";
		};
		A337D3A128BB480800D09782 /* PasteTests */ = {
			isa = PBXGroup;
			children = (
				A337D3A228BB480800D09782 /* PasteTests.swift */,
			);
			path = PasteTests;
			sourceTree = "<group>";
		};
		A337D3AB28BB480800D09782 /* PasteUITests */ = {
			isa = PBXGroup;
			children = (
				A337D3AC28BB480800D09782 /* PasteUITests.swift */,
				A337D3AE28BB480800D09782 /* PasteUITestsLaunchTests.swift */,
			);
			path = PasteUITests;
			sourceTree = "<group>";
		};
/* End PBXGroup section */

/* Begin PBXNativeTarget section */
		A337D38C28BB480600D09782 /* Paste */ = {
			isa = PBXNativeTarget;
			buildConfigurationList = A337D3B228BB480800D09782 /* Build configuration list for PBXNativeTarget "Paste" */;
			buildPhases = (
				A337D38928BB480600D09782 /* Sources */,
				A337D38A28BB480600D09782 /* Frameworks */,
				A337D38B28BB480600D09782 /* Resources */,
			);
			buildRules = (
			);
			dependencies = (
			);
			name = Paste;
			productName = Paste;
			productReference = A337D38D28BB480600D09782 /* Paste.app */;
			productType = "com.apple.product-type.application";
		};
		A337D39D28BB480800D09782 /* PasteTests */ = {
			isa = PBXNativeTarget;
			buildConfigurationList = A337D3B528BB480800D09782 /* Build configuration list for PBXNativeTarget "PasteTests" */;
			buildPhases = (
				A337D39A28BB480800D09782 /* Sources */,
				A337D39B28BB480800D09782 /* Frameworks */,
				A337D39C28BB480800D09782 /* Resources */,
			);
			buildRules = (
			);
			dependencies = (
				A337D3A028BB480800D09782 /* PBXTargetDependency */,
			);
			name = PasteTests;
			productName = PasteTests;
			productReference = A337D39E28BB480800D09782 /* PasteTests.xctest */;
			productType = "com.apple.product-type.bundle.unit-test";
		};
		A337D3A728BB480800D09782 /* PasteUITests */ = {
			isa = PBXNativeTarget;
			buildConfigurationList = A337D3B828BB480800D09782 /* Build configuration list for PBXNativeTarget "PasteUITests" */;
			buildPhases = (
				A337D3A428BB480800D09782 /* Sources */,
				A337D3A528BB480800D09782 /* Frameworks */,
				A337D3A628BB480800D09782 /* Resources */,
			);
			buildRules = (
			);
			dependencies = (
				A337D3AA28BB480800D09782 /* PBXTargetDependency */,
			);
			name = PasteUITests;
			productName = PasteUITests;
			productReference = A337D3A828BB480800D09782 /* PasteUITests.xctest */;
			productType = "com.apple.product-type.bundle.ui-testing";
		};
/* End PBXNativeTarget section */

/* Begin PBXProject section */
		A337D38528BB480600D09782 /* Project object */ = {
			isa = PBXProject;
			attributes = {
				BuildIndependentTargetsInParallel = 1;
				LastSwiftUpdateCheck = 1340;
				LastUpgradeCheck = 1340;
				TargetAttributes = {
					A337D38C28BB480600D09782 = {
						CreatedOnToolsVersion = 13.4.1;
					};
					A337D39D28BB480800D09782 = {
						CreatedOnToolsVersion = 13.4.1;
						TestTargetID = A337D38C28BB480600D09782;
					};
					A337D3A728BB480800D09782 = {
						CreatedOnToolsVersion = 13.4.1;
						TestTargetID = A337D38C28BB480600D09782;
					};
				};
			};
			buildConfigurationList = A337D38828BB480600D09782 /* Build configuration list for PBXProject "Paste" */;
			compatibilityVersion = "Xcode 13.0";
			developmentRegion = en;
			hasScannedForEncodings = 0;
			knownRegions = (
				en,
				Base,
			);
			mainGroup = A337D38428BB480600D09782;
			productRefGroup = A337D38E28BB480600D09782 /* Products */;
			projectDirPath = "";
			projectRoot = "";
			targets = (
				A337D38C28BB480600D09782 /* Paste */,
				A337D39D28BB480800D09782 /* PasteTests */,
				A337D3A728BB480800D09782 /* PasteUITests */,
			);
		};
/* End PBXProject section */

/* Begin PBXResourcesBuildPhase section */
		A337D38B28BB480600D09782 /* Resources */ = {
			isa = PBXResourcesBuildPhase;
			buildActionMask = 2147483647;
			files = (
				A337D39528BB480800D09782 /* Assets.xcassets in Resources */,
				A337D39828BB480800D09782 /* Main.storyboard in Resources */,
			);
			runOnlyForDeploymentPostprocessing = 0;
		};
		A337D39C28BB480800D09782 /* Resources */ = {
			isa = PBXResourcesBuildPhase;
			buildActionMask = 2147483647;
			files = (
			);
			runOnlyForDeploymentPostprocessing = 0;
		};
		A337D3A628BB480800D09782 /* Resources */ = {
			isa = PBXResourcesBuildPhase;
			buildActionMask = 2147483647;
			files = (
			);
			runOnlyForDeploymentPostprocessing = 0;
		};
/* End PBXResourcesBuildPhase section */

/* Begin PBXSourcesBuildPhase section */
		A337D38928BB480600D09782 /* Sources */ = {
			isa = PBXSourcesBuildPhase;
			buildActionMask = 2147483647;
			files = (
				A337D39328BB480600D09782 /* ViewController.swift in Sources */,
				A337D39128BB480600D09782 /* AppDelegate.swift in Sources */,
			);
			runOnlyForDeploymentPostprocessing = 0;
		};
		A337D39A28BB480800D09782 /* Sources */ = {
			isa = PBXSourcesBuildPhase;
			buildActionMask = 2147483647;
			files = (
				A337D3A328BB480800D09782 /* PasteTests.swift in Sources */,
			);
			runOnlyForDeploymentPostprocessing = 0;
		};
		A337D3A428BB480800D09782 /* Sources */ = {
			isa = PBXSourcesBuildPhase;
			buildActionMask = 2147483647;
			files = (
				A337D3AF28BB480800D09782 /* PasteUITestsLaunchTests.swift in Sources */,
				A337D3AD28BB480800D09782 /* PasteUITests.swift in Sources */,
			);
			runOnlyForDeploymentPostprocessing = 0;
		};
/* End PBXSourcesBuildPhase section */

/* Begin PBXTargetDependency section */
		A337D3A028BB480800D09782 /* PBXTargetDependency */ = {
			isa = PBXTargetDependency;
			target = A337D38C28BB480600D09782 /* Paste */;
			targetProxy = A337D39F28BB480800D09782 /* PBXContainerItemProxy */;
		};
		A337D3AA28BB480800D09782 /* PBXTargetDependency */ = {
			isa = PBXTargetDependency;
			target = A337D38C28BB480600D09782 /* Paste */;
			targetProxy = A337D3A928BB480800D09782 /* PBXContainerItemProxy */;
		};
/* End PBXTargetDependency section */

/* Begin PBXVariantGroup section */
		A337D39628BB480800D09782 /* Main.storyboard */ = {
			isa = PBXVariantGroup;
			children = (
				A337D39728BB480800D09782 /* Base */,
			);
			name = Main.storyboard;
			sourceTree = "<group>";
		};
/* End PBXVariantGroup section */

/* Begin XCBuildConfiguration section */
		A337D3B028BB480800D09782 /* Debug */ = {
			isa = XCBuildConfiguration;
			buildSettings = {
				ALWAYS_SEARCH_USER_PATHS = NO;
				CLANG_ANALYZER_NONNULL = YES;
				CLANG_ANALYZER_NUMBER_OBJECT_CONVERSION = YES_AGGRESSIVE;
				CLANG_CXX_LANGUAGE_STANDARD = "gnu++17";
				CLANG_ENABLE_MODULES = YES;
				CLANG_ENABLE_OBJC_ARC = YES;
				CLANG_ENABLE_OBJC_WEAK = YES;
				CLANG_WARN_BLOCK_CAPTURE_AUTORELEASING = YES;
				CLANG_WARN_BOOL_CONVERSION = YES;
				CLANG_WARN_COMMA = YES;
				CLANG_WARN_CONSTANT_CONVERSION = YES;
				CLANG_WARN_DEPRECATED_OBJC_IMPLEMENTATIONS = YES;
				CLANG_WARN_DIRECT_OBJC_ISA_USAGE = YES_ERROR;
				CLANG_WARN_DOCUMENTATION_COMMENTS = YES;
				CLANG_WARN_EMPTY_BODY = YES;
				CLANG_WARN_ENUM_CONVERSION = YES;
				CLANG_WARN_INFINITE_RECURSION = YES;
				CLANG_WARN_INT_CONVERSION = YES;
				CLANG_WARN_NON_LITERAL_NULL_CONVERSION = YES;
				CLANG_WARN_OBJC_IMPLICIT_RETAIN_SELF = YES;
				CLANG_WARN_OBJC_LITERAL_CONVERSION = YES;
				CLANG_WARN_OBJC_ROOT_CLASS = YES_ERROR;
				CLANG_WARN_QUOTED_INCLUDE_IN_FRAMEWORK_HEADER = YES;
				CLANG_WARN_RANGE_LOOP_ANALYSIS = YES;
				CLANG_WARN_STRICT_PROTOTYPES = YES;
				CLANG_WARN_SUSPICIOUS_MOVE = YES;
				CLANG_WARN_UNGUARDED_AVAILABILITY = YES_AGGRESSIVE;
				CLANG_WARN_UNREACHABLE_CODE = YES;
				CLANG_WARN__DUPLICATE_METHOD_MATCH = YES;
				COPY_PHASE_STRIP = NO;
				DEBUG_INFORMATION_FORMAT = dwarf;
				ENABLE_STRICT_OBJC_MSGSEND = YES;
				ENABLE_TESTABILITY = YES;
				GCC_C_LANGUAGE_STANDARD = gnu11;
				GCC_DYNAMIC_NO_PIC = NO;
				GCC_NO_COMMON_BLOCKS = YES;
				GCC_OPTIMIZATION_LEVEL = 0;
				GCC_PREPROCESSOR_DEFINITIONS = (
					"DEBUG=1",
					"$(inherited)",
				);
				GCC_WARN_64_TO_32_BIT_CONVERSION = YES;
				GCC_WARN_ABOUT_RETURN_TYPE = YES_ERROR;
				GCC_WARN_UNDECLARED_SELECTOR = YES;
				GCC_WARN_UNINITIALIZED_AUTOS = YES_AGGRESSIVE;
				GCC_WARN_UNUSED_FUNCTION = YES;
				GCC_WARN_UNUSED_VARIABLE = YES;
				MACOSX_DEPLOYMENT_TARGET = 12.3;
				MTL_ENABLE_DEBUG_INFO = INCLUDE_SOURCE;
				MTL_FAST_MATH = YES;
				ONLY_ACTIVE_ARCH = YES;
				SDKROOT = macosx;
				SWIFT_ACTIVE_COMPILATION_CONDITIONS = DEBUG;
				SWIFT_OPTIMIZATION_LEVEL = "-Onone";
			};
			name = Debug;
		};
		A337D3B128BB480800D09782 /* Release */ = {
			isa = XCBuildConfiguration;
			buildSettings = {
				ALWAYS_SEARCH_USER_PATHS = NO;
				CLANG_ANALYZER_NONNULL = YES;
				CLANG_ANALYZER_NUMBER_OBJECT_CONVERSION = YES_AGGRESSIVE;
				CLANG_CXX_LANGUAGE_STANDARD = "gnu++17";
				CLANG_ENABLE_MODULES = YES;
				CLANG_ENABLE_OBJC_ARC = YES;
				CLANG_ENABLE_OBJC_WEAK = YES;
				CLANG_WARN_BLOCK_CAPTURE_AUTORELEASING = YES;
				CLANG_WARN_BOOL_CONVERSION = YES;
				CLANG_WARN_COMMA = YES;
				CLANG_WARN_CONSTANT_CONVERSION = YES;
				CLANG_WARN_DEPRECATED_OBJC_IMPLEMENTATIONS = YES;
				CLANG_WARN_DIRECT_OBJC_ISA_USAGE = YES_ERROR;
				CLANG_WARN_DOCUMENTATION_COMMENTS = YES;
				CLANG_WARN_EMPTY_BODY = YES;
				CLANG_WARN_ENUM_CONVERSION = YES;
				CLANG_WARN_INFINITE_RECURSION = YES;
				CLANG_WARN_INT_CONVERSION = YES;
				CLANG_WARN_NON_LITERAL_NULL_CONVERSION = YES;
				CLANG_WARN_OBJC_IMPLICIT_RETAIN_SELF = YES;
				CLANG_WARN_OBJC_LITERAL_CONVERSION = YES;
				CLANG_WARN_OBJC_ROOT_CLASS = YES_ERROR;
				CLANG_WARN_QUOTED_INCLUDE_IN_FRAMEWORK_HEADER = YES;
				CLANG_WARN_RANGE_LOOP_ANALYSIS = YES;
				CLANG_WARN_STRICT_PROTOTYPES = YES;
				CLANG_WARN_SUSPICIOUS_MOVE = YES;
				CLANG_WARN_UNGUARDED_AVAILABILITY = YES_AGGRESSIVE;
				CLANG_WARN_UNREACHABLE_CODE = YES;
				CLANG_WARN__DUPLICATE_METHOD_MATCH = YES;
				COPY_PHASE_STRIP = NO;
				DEBUG_INFORMATION_FORMAT = "dwarf-with-dsym";
				ENABLE_NS_ASSERTIONS = NO;
				ENABLE_STRICT_OBJC_MSGSEND = YES;
				GCC_C_LANGUAGE_STANDARD = gnu11;
				GCC_NO_COMMON_BLOCKS = YES;
				GCC_WARN_64_TO_32_BIT_CONVERSION = YES;
				GCC_WARN_ABOUT_RETURN_TYPE = YES_ERROR;
				GCC_WARN_UNDECLARED_SELECTOR = YES;
				GCC_WARN_UNINITIALIZED_AUTOS = YES_AGGRESSIVE;
				GCC_WARN_UNUSED_FUNCTION = YES;
				GCC_WARN_UNUSED_VARIABLE = YES;
				MACOSX_DEPLOYMENT_TARGET = 12.3;
				MTL_ENABLE_DEBUG_INFO = NO;
				MTL_FAST_MATH = YES;
				SDKROOT = macosx;
				SWIFT_COMPILATION_MODE = wholemodule;
				SWIFT_OPTIMIZATION_LEVEL = "-O";
			};
			name = Release;
		};
		A337D3B328BB480800D09782 /* Debug */ = {
			isa = XCBuildConfiguration;
			buildSettings = {
				ASSETCATALOG_COMPILER_APPICON_NAME = AppIcon;
				ASSETCATALOG_COMPILER_GLOBAL_ACCENT_COLOR_NAME = AccentColor;
				CODE_SIGN_ENTITLEMENTS = Paste/Paste.entitlements;
				CODE_SIGN_STYLE = Automatic;
				COMBINE_HIDPI_IMAGES = YES;
				CURRENT_PROJECT_VERSION = 1;
				GENERATE_INFOPLIST_FILE = YES;
				INFOPLIST_KEY_NSHumanReadableCopyright = "";
				INFOPLIST_KEY_NSMainStoryboardFile = Main;
				INFOPLIST_KEY_NSPrincipalClass = NSApplication;
				LD_RUNPATH_SEARCH_PATHS = (
					"$(inherited)",
					"@executable_path/../Frameworks",
				);
				MARKETING_VERSION = 1.0;
				PRODUCT_BUNDLE_IDENTIFIER = vnbs.Paste;
				PRODUCT_NAME = "$(TARGET_NAME)";
				SWIFT_EMIT_LOC_STRINGS = YES;
				SWIFT_VERSION = 5.0;
			};
			name = Debug;
		};
		A337D3B428BB480800D09782 /* Release */ = {
			isa = XCBuildConfiguration;
			buildSettings = {
				ASSETCATALOG_COMPILER_APPICON_NAME = AppIcon;
				ASSETCATALOG_COMPILER_GLOBAL_ACCENT_COLOR_NAME = AccentColor;
				CODE_SIGN_ENTITLEMENTS = Paste/Paste.entitlements;
				CODE_SIGN_STYLE = Automatic;
				COMBINE_HIDPI_IMAGES = YES;
				CURRENT_PROJECT_VERSION = 1;
				GENERATE_INFOPLIST_FILE = YES;
				INFOPLIST_KEY_NSHumanReadableCopyright = "";
				INFOPLIST_KEY_NSMainStoryboardFile = Main;
				INFOPLIST_KEY_NSPrincipalClass = NSApplication;
				LD_RUNPATH_SEARCH_PATHS = (
					"$(inherited)",
					"@executable_path/../Frameworks",
				);
				MARKETING_VERSION = 1.0;
				PRODUCT_BUNDLE_IDENTIFIER = vnbs.Paste;
				PRODUCT_NAME = "$(TARGET_NAME)";
				SWIFT_EMIT_LOC_STRINGS = YES;
				SWIFT_VERSION = 5.0;
			};
			name = Release;
		};
		A337D3B628BB480800D09782 /* Debug */ = {
			isa = XCBuildConfiguration;
			buildSettings = {
				ALWAYS_EMBED_SWIFT_STANDARD_LIBRARIES = YES;
				BUNDLE_LOADER = "$(TEST_HOST)";
				CODE_SIGN_STYLE = Automatic;
				CURRENT_PROJECT_VERSION = 1;
				GENERATE_INFOPLIST_FILE = YES;
				MACOSX_DEPLOYMENT_TARGET = 12.3;
				MARKETING_VERSION = 1.0;
				PRODUCT_BUNDLE_IDENTIFIER = vnbs.PasteTests;
				PRODUCT_NAME = "$(TARGET_NAME)";
				SWIFT_EMIT_LOC_STRINGS = NO;
				SWIFT_VERSION = 5.0;
				TEST_HOST = "$(BUILT_PRODUCTS_DIR)/Paste.app/Contents/MacOS/Paste";
			};
			name = Debug;
		};
		A337D3B728BB480800D09782 /* Release */ = {
			isa = XCBuildConfiguration;
			buildSettings = {
				ALWAYS_EMBED_SWIFT_STANDARD_LIBRARIES = YES;
				BUNDLE_LOADER = "$(TEST_HOST)";
				CODE_SIGN_STYLE = Automatic;
				CURRENT_PROJECT_VERSION = 1;
				GENERATE_INFOPLIST_FILE = YES;
				MACOSX_DEPLOYMENT_TARGET = 12.3;
				MARKETING_VERSION = 1.0;
				PRODUCT_BUNDLE_IDENTIFIER = vnbs.PasteTests;
				PRODUCT_NAME = "$(TARGET_NAME)";
				SWIFT_EMIT_LOC_STRINGS = NO;
				SWIFT_VERSION = 5.0;
				TEST_HOST = "$(BUILT_PRODUCTS_DIR)/Paste.app/Contents/MacOS/Paste";
			};
			name = Release;
		};
		A337D3B928BB480800D09782 /* Debug */ = {
			isa = XCBuildConfiguration;
			buildSettings = {
				ALWAYS_EMBED_SWIFT_STANDARD_LIBRARIES = YES;
				CODE_SIGN_STYLE = Automatic;
				CURRENT_PROJECT_VERSION = 1;
				GENERATE_INFOPLIST_FILE = YES;
				MARKETING_VERSION = 1.0;
				PRODUCT_BUNDLE_IDENTIFIER = vnbs.PasteUITests;
				PRODUCT_NAME = "$(TARGET_NAME)";
				SWIFT_EMIT_LOC_STRINGS = NO;
				SWIFT_VERSION = 5.0;
				TEST_TARGET_NAME = Paste;
			};
			name = Debug;
		};
		A337D3BA28BB480800D09782 /* Release */ = {
			isa = XCBuildConfiguration;
			buildSettings = {
				ALWAYS_EMBED_SWIFT_STANDARD_LIBRARIES = YES;
				CODE_SIGN_STYLE = Automatic;
				CURRENT_PROJECT_VERSION = 1;
				GENERATE_INFOPLIST_FILE = YES;
				MARKETING_VERSION = 1.0;
				PRODUCT_BUNDLE_IDENTIFIER = vnbs.PasteUITests;
				PRODUCT_NAME = "$(TARGET_NAME)";
				SWIFT_EMIT_LOC_STRINGS = NO;
				SWIFT_VERSION = 5.0;
				TEST_TARGET_NAME = Paste;
			};
			name = Release;
		};
/* End XCBuildConfiguration section */

/* Begin XCConfigurationList section */
		A337D38828BB480600D09782 /* Build configuration list for PBXProject "Paste" */ = {
			isa = XCConfigurationList;
			buildConfigurations = (
				A337D3B028BB480800D09782 /* Debug */,
				A337D3B128BB480800D09782 /* Release */,
			);
			defaultConfigurationIsVisible = 0;
			defaultConfigurationName = Release;
		};
		A337D3B228BB480800D09782 /* Build configuration list for PBXNativeTarget "Paste" */ = {
			isa = XCConfigurationList;
			buildConfigurations = (
				A337D3B328BB480800D09782 /* Debug */,
				A337D3B428BB480800D09782 /* Release */,
			);
			defaultConfigurationIsVisible = 0;
			defaultConfigurationName = Release;
		};
		A337D3B528BB480800D09782 /* Build configuration list for PBXNativeTarget "PasteTests" */ = {
			isa = XCConfigurationList;
			buildConfigurations = (
				A337D3B628BB480800D09782 /* Debug */,
				A337D3B728BB480800D09782 /* Release */,
			);
			defaultConfigurationIsVisible = 0;
			defaultConfigurationName = Release;
		};
		A337D3B828BB480800D09782 /* Build configuration list for PBXNativeTarget "PasteUITests" */ = {
			isa = XCConfigurationList;
			buildConfigurations = (
				A337D3B928BB480800D09782 /* Debug */,
				A337D3BA28BB480800D09782 /* Release */,
			);
			defaultConfigurationIsVisible = 0;
			defaultConfigurationName = Release;
		};
/* End XCConfigurationList section */
	};
	rootObject = A337D38528BB480600D09782 /* Project object */;
}
